
Microsoft Visual Studio Solution File, Format Version 12.00
# Visual Studio 15
VisualStudioVersion = 15.0.28010.2019
MinimumVisualStudioVersion = 10.0.40219.1
Project("{FAE04EC0-301F-11D3-BF4B-00C04F79EFBC}") = "dotnet.runner", "dotnet.runner\dotnet.runner.csproj", "{F67FFFFD-F4F0-413A-B9CD-55E988EA6BB6}"
EndProject
Global
	GlobalSection(SolutionConfigurationPlatforms) = preSolution
		Debug|Any CPU = Debug|Any CPU
		Release|Any CPU = Release|Any CPU
	EndGlobalSection
	GlobalSection(ProjectConfigurationPlatforms) = postSolution
		{F67FFFFD-F4F0-413A-B9CD-55E988EA6BB6}.Debug|Any CPU.ActiveCfg = Debug|Any CPU
		{F67FFFFD-F4F0-413A-B9CD-55E988EA6BB6}.Debug|Any CPU.Build.0 = Debug|Any CPU
		{F67FFFFD-F4F0-413A-B9CD-55E988EA6BB6}.Release|Any CPU.ActiveCfg = Release|Any CPU
		{F67FFFFD-F4F0-413A-B9CD-55E988EA6BB6}.Release|Any CPU.Build.0 = Release|Any CPU
	EndGlobalSection
	GlobalSection(SolutionProperties) = preSolution
		HideSolutionNode = FALSE
	EndGlobalSection
	GlobalSection(ExtensibilityGlobals) = postSolution
		SolutionGuid = {47FCA26A-5738-4528-B18F-F55A38C1A5A4}
	EndGlobalSection
EndGlobal
